
Microsoft Visual Studio Solution File, Format Version 12.00
# Visual Studio Version 16
VisualStudioVersion = 16.0.31424.327
MinimumVisualStudioVersion = 10.0.40219.1
Project("{8BC9CEB8-8B4A-11D0-8D11-00A0C91BC942}") = "类和对象_封装_设计案例2_点和圆的关系", "类和对象_封装_设计案例2_点和圆的关系.vcxproj", "{CDB0BABD-E27C-4C51-8AA9-9D2DBFDAA2DA}"
EndProject
Global
	GlobalSection(SolutionConfigurationPlatforms) = preSolution
		Debug|x64 = Debug|x64
		Debug|x86 = Debug|x86
		Release|x64 = Release|x64
		Release|x86 = Release|x86
	EndGlobalSection
	GlobalSection(ProjectConfigurationPlatforms) = postSolution
		{CDB0BABD-E27C-4C51-8AA9-9D2DBFDAA2DA}.Debug|x64.ActiveCfg = Debug|x64
		{CDB0BABD-E27C-4C51-8AA9-9D2DBFDAA2DA}.Debug|x64.Build.0 = Debug|x64
		{CDB0BABD-E27C-4C51-8AA9-9D2DBFDAA2DA}.Debug|x86.ActiveCfg = Debug|Win32
		{CDB0BABD-E27C-4C51-8AA9-9D2DBFDAA2DA}.Debug|x86.Build.0 = Debug|Win32
		{CDB0BABD-E27C-4C51-8AA9-9D2DBFDAA2DA}.Release|x64.ActiveCfg = Release|x64
		{CDB0BABD-E27C-4C51-8AA9-9D2DBFDAA2DA}.Release|x64.Build.0 = Release|x64
		{CDB0BABD-E27C-4C51-8AA9-9D2DBFDAA2DA}.Release|x86.ActiveCfg = Release|Win32
		{CDB0BABD-E27C-4C51-8AA9-9D2DBFDAA2DA}.Release|x86.Build.0 = Release|Win32
	EndGlobalSection
	GlobalSection(SolutionProperties) = preSolution
		HideSolutionNode = FALSE
	EndGlobalSection
	GlobalSection(ExtensibilityGlobals) = postSolution
		SolutionGuid = {A8A8013C-85D2-475F-AEC5-FD55586BBEF6}
	EndGlobalSection
EndGlobal
